{
    "hash": "fb7fd4da290f97f8b016d604a12af769",
    "packages": [
        {
            "package": "desarrolla2/rss-client-bundle",
            "version": "dev-master",
            "source-reference": "69692fc5edbbc53d1b6acf041a22b51428163617",
            "commit-date": "1345447849"
        },
        {
            "package": "desarrolla2/twitter-client-bundle",
            "version": "dev-master",
            "source-reference": "55421ab5d960711add021ae06ee72315c402bfba",
            "commit-date": "1345457495"
        },
        {
            "package": "doctrine/common",
            "version": "2.3.x-dev",
            "source-reference": "2ec4bc6db13db6a0976a16b71058083c55cbcdbd",
            "commit-date": "1343847076"
        },
        {
            "package": "doctrine/data-fixtures",
            "version": "dev-master",
            "source-reference": "779c3dfe446b6da893be87b908d6be28345d1e01",
            "commit-date": "1341780535"
        },
        {
            "package": "doctrine/dbal",
            "version": "2.3.x-dev",
            "source-reference": "6470e2089e9ab4a2d24e6927ebe073b7935d7ed5",
            "commit-date": "1344980709"
        },
        {
            "package": "doctrine/doctrine-bundle",
            "version": "dev-master",
            "alias-pretty-version": "1.0.x-dev",
            "alias-version": "1.0.9999999.9999999-dev"
        },
        {
            "package": "doctrine/doctrine-bundle",
            "version": "dev-master",
            "source-reference": "4d9bb0f3af470556983eb41a7d19ede23401ef0b",
            "commit-date": "1344549563"
        },
        {
            "package": "doctrine/doctrine-fixtures-bundle",
            "version": "dev-master",
            "source-reference": "a5103a71bcd9b2f851ca6c16519a077784a3184a",
            "commit-date": "1341472847"
        },
        {
            "package": "doctrine/orm",
            "version": "2.3.x-dev",
            "source-reference": "971865f271771a3b06c474dfea9e91f023837cce",
            "commit-date": "1344977483"
        },
        {
            "package": "jms/aop-bundle",
            "version": "1.0.0"
        },
        {
            "package": "jms/cg",
            "version": "1.0.0"
        },
        {
            "package": "jms/di-extra-bundle",
            "version": "dev-master",
            "alias-pretty-version": "1.1.x-dev",
            "alias-version": "1.1.9999999.9999999-dev"
        },
        {
            "package": "jms/di-extra-bundle",
            "version": "dev-master",
            "source-reference": "3420add7ca1957b60c7e250506d7c59ea7012747",
            "commit-date": "1345140102"
        },
        {
            "package": "jms/metadata",
            "version": "1.1.1"
        },
        {
            "package": "jms/security-extra-bundle",
            "version": "dev-master",
            "alias-pretty-version": "1.2.x-dev",
            "alias-version": "1.2.9999999.9999999-dev"
        },
        {
            "package": "jms/security-extra-bundle",
            "version": "dev-master",
            "source-reference": "68ff54447d3be168ecb248dedbcd4cb401ec69b2",
            "commit-date": "1345149984"
        },
        {
            "package": "kriswallsmith/assetic",
            "version": "dev-master",
            "alias-pretty-version": "1.1.x-dev",
            "alias-version": "1.1.9999999.9999999-dev"
        },
        {
            "package": "kriswallsmith/assetic",
            "version": "dev-master",
            "source-reference": "d1d5066d9071a76d771993081ee23137e96216b7",
            "commit-date": "1344507381"
        },
        {
            "package": "monolog/monolog",
            "version": "1.2.0"
        },
        {
            "package": "raulfraile/ladybug",
            "version": "dev-master",
            "source-reference": "9d03eab167c1b9f84f9a832c2e26140a780f6100",
            "commit-date": "1342109959"
        },
        {
            "package": "raulfraile/ladybug-bundle",
            "version": "dev-master",
            "source-reference": "a2aa7a445d575dc34cc500076b5f7acd24a2c2a6",
            "commit-date": "1343206620"
        },
        {
            "package": "sensio/distribution-bundle",
            "version": "dev-master",
            "alias-pretty-version": "2.1.x-dev",
            "alias-version": "2.1.9999999.9999999-dev"
        },
        {
            "package": "sensio/distribution-bundle",
            "version": "dev-master",
            "source-reference": "bd98b5fb0e4a5dddb4f7acd2e11f28c4cd7eacee",
            "commit-date": "1345139690"
        },
        {
            "package": "sensio/framework-extra-bundle",
            "version": "dev-master",
            "alias-pretty-version": "2.1.x-dev",
            "alias-version": "2.1.9999999.9999999-dev"
        },
        {
            "package": "sensio/framework-extra-bundle",
            "version": "dev-master",
            "source-reference": "ade2d53b20a9fc3428f04c863b3fd4fca0b62181",
            "commit-date": "1344072374"
        },
        {
            "package": "sensio/generator-bundle",
            "version": "dev-master",
            "alias-pretty-version": "2.1.x-dev",
            "alias-version": "2.1.9999999.9999999-dev"
        },
        {
            "package": "sensio/generator-bundle",
            "version": "dev-master",
            "source-reference": "d8fc1666f3cdb403f1b2d4320c45ddd6adbdf6a5",
            "commit-date": "1343980150"
        },
        {
            "package": "swiftmailer/swiftmailer",
            "version": "dev-master",
            "alias-pretty-version": "4.2.x-dev",
            "alias-version": "4.2.9999999.9999999-dev"
        },
        {
            "package": "swiftmailer/swiftmailer",
            "version": "dev-master",
            "source-reference": "19045c3692f6f6ddb4abc5ebfaf3f86f1c57d265",
            "commit-date": "1343980916"
        },
        {
            "package": "symfony/assetic-bundle",
            "version": "dev-master",
            "alias-pretty-version": "2.1.x-dev",
            "alias-version": "2.1.9999999.9999999-dev"
        },
        {
            "package": "symfony/assetic-bundle",
            "version": "dev-master",
            "source-reference": "ec3a65d3eab342af9e93a3c21af0ac7b78e01c17",
            "commit-date": "1344507386"
        },
        {
            "package": "symfony/monolog-bundle",
            "version": "dev-master",
            "alias-pretty-version": "2.1.x-dev",
            "alias-version": "2.1.9999999.9999999-dev"
        },
        {
            "package": "symfony/monolog-bundle",
            "version": "dev-master",
            "source-reference": "aed4d742838d2a7350633fed7afe18dbfd3415de",
            "commit-date": "1344949802"
        },
        {
            "package": "symfony/swiftmailer-bundle",
            "version": "dev-master",
            "alias-pretty-version": "2.1.x-dev",
            "alias-version": "2.1.9999999.9999999-dev"
        },
        {
            "package": "symfony/swiftmailer-bundle",
            "version": "dev-master",
            "source-reference": "v2.1.0-RC1",
            "commit-date": "1342684512"
        },
        {
            "package": "symfony/symfony",
            "version": "dev-master",
            "alias-pretty-version": "2.1.x-dev",
            "alias-version": "2.1.9999999.9999999-dev"
        },
        {
            "package": "symfony/symfony",
            "version": "dev-master",
            "source-reference": "ef29276c3a1d6ab757d894bd64391fa2ea47db0c",
            "commit-date": "1345367019"
        },
        {
            "package": "twig/extensions",
            "version": "dev-master",
            "source-reference": "feb6d3f10c411e2631997c0a905aa581c80305c1",
            "commit-date": "1337599699"
        },
        {
            "package": "twig/twig",
            "version": "dev-master",
            "alias-pretty-version": "1.9.x-dev",
            "alias-version": "1.9.9999999.9999999-dev"
        },
        {
            "package": "twig/twig",
            "version": "dev-master",
            "source-reference": "3e4057b4b14a2f90db7c895e3e9bcbd3d23875e8",
            "commit-date": "1345222881"
        }
    ],
    "packages-dev": null,
    "aliases": [

    ],
    "minimum-stability": "dev",
    "stability-flags": {
        "doctrine/doctrine-bundle": 20,
        "twig/extensions": 20,
        "symfony/assetic-bundle": 20,
        "symfony/swiftmailer-bundle": 20,
        "symfony/monolog-bundle": 20,
        "sensio/distribution-bundle": 20,
        "sensio/framework-extra-bundle": 20,
        "sensio/generator-bundle": 20,
        "doctrine/doctrine-fixtures-bundle": 20,
        "desarrolla2/twitter-client-bundle": 20,
        "raulfraile/ladybug-bundle": 20,
        "desarrolla2/rss-client-bundle": 20
    }
}
