{
    "hash": "ec9f036a43d7b0e8a35e8299c0e8ebb2",
    "packages": [
        {
            "package": "desarrolla2/cache",
            "version": "dev-master",
            "source-reference": "55f33af1db965114c251e0eab12df1af31e6ba6c",
            "commit-date": "1349370819"
        },
        {
            "package": "desarrolla2/rss-client",
            "version": "dev-master",
            "source-reference": "42ead69c2bfd4b293e0c41157b35f41e4c176ae8",
            "commit-date": "1349348653"
        },
        {
            "package": "desarrolla2/rss-client-bundle",
            "version": "dev-master",
            "source-reference": "402cb7ed5f70077889d3a22bfb9e09ada8f3c3fb",
            "commit-date": "1349430826"
        },
        {
            "package": "desarrolla2/twitter-client-bundle",
            "version": "dev-master",
            "source-reference": "345c7f089b95cf7607ed19cd603341ce15b852a6",
            "commit-date": "1349041518"
        },
        {
            "package": "doctrine/common",
            "version": "2.3.x-dev",
            "source-reference": "bb0aebbf234db52df476a2b473d434745b34221c",
            "commit-date": "1348120518"
        },
        {
            "package": "doctrine/data-fixtures",
            "version": "dev-master",
            "source-reference": "b29bad9738fada9486961f60542f2d2d77c7b501",
            "commit-date": "1348136794"
        },
        {
            "package": "doctrine/dbal",
            "version": "2.3.x-dev",
            "source-reference": "fdc866a37959e43620e4f7ec519dc7dd8e30fc5b",
            "commit-date": "1348120597"
        },
        {
            "package": "doctrine/doctrine-bundle",
            "version": "dev-master",
            "alias-pretty-version": "1.0.x-dev",
            "alias-version": "1.0.9999999.9999999-dev"
        },
        {
            "package": "doctrine/doctrine-bundle",
            "version": "dev-master",
            "source-reference": "e69a6fd75fa3979e35b7004e6da6e9aea3765997",
            "commit-date": "1349273376"
        },
        {
            "package": "doctrine/doctrine-fixtures-bundle",
            "version": "dev-master",
            "source-reference": "186d605aa6b592bd577e07e0e9a2c420b02b2492",
            "commit-date": "1345465418"
        },
        {
            "package": "doctrine/orm",
            "version": "2.3.x-dev",
            "source-reference": "c60e6523e90a8d4ccf301456b50c5d351a9d27bf",
            "commit-date": "1349373510"
        },
        {
            "package": "ezyang/htmlpurifier",
            "version": "dev-master",
            "source-reference": "8a8b123d3322d24d77114dfa767a5eafbe9ff24b",
            "commit-date": "1347811906"
        },
        {
            "package": "jms/aop-bundle",
            "version": "1.0.0"
        },
        {
            "package": "jms/cg",
            "version": "1.0.0"
        },
        {
            "package": "jms/di-extra-bundle",
            "version": "1.1.x-dev",
            "source-reference": "1.1.1",
            "commit-date": "1348217792"
        },
        {
            "package": "jms/metadata",
            "version": "1.1.1"
        },
        {
            "package": "jms/security-extra-bundle",
            "version": "1.2.x-dev",
            "source-reference": "9ab6aceda50fc7a2b07d741ba4b3f0695508afcb",
            "commit-date": "1346947943"
        },
        {
            "package": "kriswallsmith/assetic",
            "version": "dev-master",
            "alias-pretty-version": "1.1.x-dev",
            "alias-version": "1.1.9999999.9999999-dev"
        },
        {
            "package": "kriswallsmith/assetic",
            "version": "dev-master",
            "source-reference": "e22c5e07e672bb0cf43127e97e9368b53abf4aa8",
            "commit-date": "1349004759"
        },
        {
            "package": "monolog/monolog",
            "version": "dev-master",
            "alias-pretty-version": "1.3.x-dev",
            "alias-version": "1.3.9999999.9999999-dev"
        },
        {
            "package": "monolog/monolog",
            "version": "dev-master",
            "source-reference": "09b3a80cfaf3e323e348a5e817afeee98d5e6b48",
            "commit-date": "1347983448"
        },
        {
            "package": "raulfraile/ladybug",
            "version": "dev-master",
            "source-reference": "9d03eab167c1b9f84f9a832c2e26140a780f6100",
            "commit-date": "1342109959"
        },
        {
            "package": "raulfraile/ladybug-bundle",
            "version": "dev-master",
            "source-reference": "a2aa7a445d575dc34cc500076b5f7acd24a2c2a6",
            "commit-date": "1343206620"
        },
        {
            "package": "sensio/distribution-bundle",
            "version": "2.1.x-dev",
            "source-reference": "v2.1.1",
            "commit-date": "1347340208"
        },
        {
            "package": "sensio/framework-extra-bundle",
            "version": "2.1.x-dev",
            "source-reference": "bf2ea090d602e02b975d1bf1d8ffca8f02ef8bdb",
            "commit-date": "1349361259"
        },
        {
            "package": "sensio/generator-bundle",
            "version": "2.1.x-dev",
            "source-reference": "3a65c9bf7d31aecacffc15a48f5eb2ece3615ef0",
            "commit-date": "1348030981"
        },
        {
            "package": "swiftmailer/swiftmailer",
            "version": "dev-master",
            "alias-pretty-version": "4.2.x-dev",
            "alias-version": "4.2.9999999.9999999-dev"
        },
        {
            "package": "swiftmailer/swiftmailer",
            "version": "dev-master",
            "source-reference": "22731e907f5ca288c9bfde6b54f3611ace0a6c39",
            "commit-date": "1349196829"
        },
        {
            "package": "symfony/assetic-bundle",
            "version": "dev-master",
            "alias-pretty-version": "2.1.x-dev",
            "alias-version": "2.1.9999999.9999999-dev"
        },
        {
            "package": "symfony/assetic-bundle",
            "version": "dev-master",
            "source-reference": "5ebcf72d9b2d7028ca8c9b71b464ccc81d4795d2",
            "commit-date": "1348938560"
        },
        {
            "package": "symfony/monolog-bundle",
            "version": "dev-master",
            "alias-pretty-version": "2.1.x-dev",
            "alias-version": "2.1.9999999.9999999-dev"
        },
        {
            "package": "symfony/monolog-bundle",
            "version": "dev-master",
            "source-reference": "51517152a608926ee6b40ed8cfbba1a708f0a14f",
            "commit-date": "1348137624"
        },
        {
            "package": "symfony/swiftmailer-bundle",
            "version": "dev-master",
            "alias-pretty-version": "2.1.x-dev",
            "alias-version": "2.1.9999999.9999999-dev"
        },
        {
            "package": "symfony/swiftmailer-bundle",
            "version": "dev-master",
            "source-reference": "e055faf5d7279f3c01ffd58f1548e0fc524b71d1",
            "commit-date": "1348137776"
        },
        {
            "package": "symfony/symfony",
            "version": "2.1.x-dev",
            "source-reference": "8062031a0a5143086f2ff864925dada9614f2ead",
            "commit-date": "1349381694"
        },
        {
            "package": "twig/extensions",
            "version": "dev-master",
            "alias-pretty-version": "1.0.x-dev",
            "alias-version": "1.0.9999999.9999999-dev"
        },
        {
            "package": "twig/extensions",
            "version": "dev-master",
            "source-reference": "f904575642b1213db69b4a98f08397e722ba1cae",
            "commit-date": "1346770278"
        },
        {
            "package": "twig/twig",
            "version": "dev-master",
            "alias-pretty-version": "1.10.x-dev",
            "alias-version": "1.10.9999999.9999999-dev"
        },
        {
            "package": "twig/twig",
            "version": "dev-master",
            "source-reference": "515f34abc31ae9109d1d901a8444494672d64d73",
            "commit-date": "1349372505"
        }
    ],
    "packages-dev": null,
    "aliases": [

    ],
    "minimum-stability": "dev",
    "stability-flags": {
        "doctrine/doctrine-fixtures-bundle": 20,
        "raulfraile/ladybug-bundle": 20,
        "desarrolla2/twitter-client-bundle": 20,
        "desarrolla2/rss-client-bundle": 20
    }
}
